
Microsoft Visual Studio Solution File, Format Version 12.00
Project("{FAE04EC0-301F-11D3-BF4B-00C04F79EFBC}") = "2-Lesson", "2-Lesson\2-Lesson.csproj", "{076C41B5-ED35-4EC4-9CE6-E9CEA0F7EA94}"
EndProject
Global
	GlobalSection(SolutionConfigurationPlatforms) = preSolution
		Debug|Any CPU = Debug|Any CPU
		Release|Any CPU = Release|Any CPU
	EndGlobalSection
	GlobalSection(ProjectConfigurationPlatforms) = postSolution
		{076C41B5-ED35-4EC4-9CE6-E9CEA0F7EA94}.Debug|Any CPU.ActiveCfg = Debug|Any CPU
		{076C41B5-ED35-4EC4-9CE6-E9CEA0F7EA94}.Debug|Any CPU.Build.0 = Debug|Any CPU
		{076C41B5-ED35-4EC4-9CE6-E9CEA0F7EA94}.Release|Any CPU.ActiveCfg = Release|Any CPU
		{076C41B5-ED35-4EC4-9CE6-E9CEA0F7EA94}.Release|Any CPU.Build.0 = Release|Any CPU
	EndGlobalSection
EndGlobal
