
Microsoft Visual Studio Solution File, Format Version 12.00
Project("{FAE04EC0-301F-11D3-BF4B-00C04F79EFBC}") = "32-Lesson", "32-Lesson\32-Lesson.csproj", "{92A95B86-D189-4443-8545-8E3D68CB8DCE}"
EndProject
Global
	GlobalSection(SolutionConfigurationPlatforms) = preSolution
		Debug|Any CPU = Debug|Any CPU
		Release|Any CPU = Release|Any CPU
	EndGlobalSection
	GlobalSection(ProjectConfigurationPlatforms) = postSolution
		{92A95B86-D189-4443-8545-8E3D68CB8DCE}.Debug|Any CPU.ActiveCfg = Debug|Any CPU
		{92A95B86-D189-4443-8545-8E3D68CB8DCE}.Debug|Any CPU.Build.0 = Debug|Any CPU
		{92A95B86-D189-4443-8545-8E3D68CB8DCE}.Release|Any CPU.ActiveCfg = Release|Any CPU
		{92A95B86-D189-4443-8545-8E3D68CB8DCE}.Release|Any CPU.Build.0 = Release|Any CPU
	EndGlobalSection
EndGlobal
