
Microsoft Visual Studio Solution File, Format Version 12.00
Project("{FAE04EC0-301F-11D3-BF4B-00C04F79EFBC}") = "14-Lesson", "14-Lesson\14-Lesson.csproj", "{E1F250B2-ACC1-4111-96D3-9C55F297B691}"
EndProject
Global
	GlobalSection(SolutionConfigurationPlatforms) = preSolution
		Debug|Any CPU = Debug|Any CPU
		Release|Any CPU = Release|Any CPU
	EndGlobalSection
	GlobalSection(ProjectConfigurationPlatforms) = postSolution
		{E1F250B2-ACC1-4111-96D3-9C55F297B691}.Debug|Any CPU.ActiveCfg = Debug|Any CPU
		{E1F250B2-ACC1-4111-96D3-9C55F297B691}.Debug|Any CPU.Build.0 = Debug|Any CPU
		{E1F250B2-ACC1-4111-96D3-9C55F297B691}.Release|Any CPU.ActiveCfg = Release|Any CPU
		{E1F250B2-ACC1-4111-96D3-9C55F297B691}.Release|Any CPU.Build.0 = Release|Any CPU
	EndGlobalSection
EndGlobal
