
Microsoft Visual Studio Solution File, Format Version 12.00
Project("{FAE04EC0-301F-11D3-BF4B-00C04F79EFBC}") = "13-Lesson", "13-Lesson\13-Lesson.csproj", "{B013542E-5221-4A04-AFB9-57A5349D331D}"
EndProject
Global
	GlobalSection(SolutionConfigurationPlatforms) = preSolution
		Debug|Any CPU = Debug|Any CPU
		Release|Any CPU = Release|Any CPU
	EndGlobalSection
	GlobalSection(ProjectConfigurationPlatforms) = postSolution
		{B013542E-5221-4A04-AFB9-57A5349D331D}.Debug|Any CPU.ActiveCfg = Debug|Any CPU
		{B013542E-5221-4A04-AFB9-57A5349D331D}.Debug|Any CPU.Build.0 = Debug|Any CPU
		{B013542E-5221-4A04-AFB9-57A5349D331D}.Release|Any CPU.ActiveCfg = Release|Any CPU
		{B013542E-5221-4A04-AFB9-57A5349D331D}.Release|Any CPU.Build.0 = Release|Any CPU
	EndGlobalSection
EndGlobal
