
Microsoft Visual Studio Solution File, Format Version 12.00
Project("{FAE04EC0-301F-11D3-BF4B-00C04F79EFBC}") = "18-Lesson", "18-Lesson\18-Lesson.csproj", "{D291DF69-14CB-47BA-A384-71E9C8B57BA1}"
EndProject
Global
	GlobalSection(SolutionConfigurationPlatforms) = preSolution
		Debug|Any CPU = Debug|Any CPU
		Release|Any CPU = Release|Any CPU
	EndGlobalSection
	GlobalSection(ProjectConfigurationPlatforms) = postSolution
		{D291DF69-14CB-47BA-A384-71E9C8B57BA1}.Debug|Any CPU.ActiveCfg = Debug|Any CPU
		{D291DF69-14CB-47BA-A384-71E9C8B57BA1}.Debug|Any CPU.Build.0 = Debug|Any CPU
		{D291DF69-14CB-47BA-A384-71E9C8B57BA1}.Release|Any CPU.ActiveCfg = Release|Any CPU
		{D291DF69-14CB-47BA-A384-71E9C8B57BA1}.Release|Any CPU.Build.0 = Release|Any CPU
	EndGlobalSection
EndGlobal
