
Microsoft Visual Studio Solution File, Format Version 12.00
Project("{FAE04EC0-301F-11D3-BF4B-00C04F79EFBC}") = "Lesson-38", "Lesson-38\Lesson-38.csproj", "{FE9A0543-A2A3-49F8-9E68-88E9530D9B86}"
EndProject
Global
	GlobalSection(SolutionConfigurationPlatforms) = preSolution
		Debug|Any CPU = Debug|Any CPU
		Release|Any CPU = Release|Any CPU
	EndGlobalSection
	GlobalSection(ProjectConfigurationPlatforms) = postSolution
		{FE9A0543-A2A3-49F8-9E68-88E9530D9B86}.Debug|Any CPU.ActiveCfg = Debug|Any CPU
		{FE9A0543-A2A3-49F8-9E68-88E9530D9B86}.Debug|Any CPU.Build.0 = Debug|Any CPU
		{FE9A0543-A2A3-49F8-9E68-88E9530D9B86}.Release|Any CPU.ActiveCfg = Release|Any CPU
		{FE9A0543-A2A3-49F8-9E68-88E9530D9B86}.Release|Any CPU.Build.0 = Release|Any CPU
	EndGlobalSection
EndGlobal
